// !$*UTF8*$!
{
	archiveVersion = 1;
	classes = {
	};
	objectVersion = 46;
	objects = {

/* Begin PBXBuildFile section */
		9C10FF1B1BF452F60070A2A1 /* LDBar.swift in Sources */ = {isa = PBXBuildFile; fileRef = 9C10FF1A1BF452F60070A2A1 /* LDBar.swift */; settings = {ASSET_TAGS = (); }; };
		9C10FF1C1BF452F60070A2A1 /* LDBar.swift in Sources */ = {isa = PBXBuildFile; fileRef = 9C10FF1A1BF452F60070A2A1 /* LDBar.swift */; settings = {ASSET_TAGS = (); }; };
		9C155D671BC0638D00C74FD7 /* GameViewController.swift in Sources */ = {isa = PBXBuildFile; fileRef = 9C155D661BC0638D00C74FD7 /* GameViewController.swift */; settings = {ASSET_TAGS = (); }; };
		9C155D681BC0648600C74FD7 /* Assets.xcassets in Resources */ = {isa = PBXBuildFile; fileRef = 9CF77FC31BBB9035003C739F /* Assets.xcassets */; };
		9C155D691BC0648600C74FD7 /* GameScene.sks in Resources */ = {isa = PBXBuildFile; fileRef = 9CF77FC11BBB9035003C739F /* GameScene.sks */; };
		9C155D6A1BC064BB00C74FD7 /* GameScene.swift in Sources */ = {isa = PBXBuildFile; fileRef = 9CF77FBF1BBB9035003C739F /* GameScene.swift */; };
		9C155D6B1BC064BB00C74FD7 /* LDCharacter.swift in Sources */ = {isa = PBXBuildFile; fileRef = 9CA33F811BBBA31E00D82255 /* LDCharacter.swift */; };
		9C155D6C1BC064BB00C74FD7 /* LDControllableCharacter.swift in Sources */ = {isa = PBXBuildFile; fileRef = 9C19D22E1BBCDC7E00863228 /* LDControllableCharacter.swift */; };
		9C155D6D1BC064BB00C74FD7 /* Constants.swift in Sources */ = {isa = PBXBuildFile; fileRef = 9C9786041BBCB495006646A6 /* Constants.swift */; };
		9C155D6E1BC064BB00C74FD7 /* LDTimeSlider.swift in Sources */ = {isa = PBXBuildFile; fileRef = 9C5F9F681BBF5FFB00F8A645 /* LDTimeSlider.swift */; };
		9C155D721BC074E700C74FD7 /* LDOnScreenJoystick.swift in Sources */ = {isa = PBXBuildFile; fileRef = 9C155D711BC074E700C74FD7 /* LDOnScreenJoystick.swift */; settings = {ASSET_TAGS = (); }; };
		9C155D731BC074E700C74FD7 /* LDOnScreenJoystick.swift in Sources */ = {isa = PBXBuildFile; fileRef = 9C155D711BC074E700C74FD7 /* LDOnScreenJoystick.swift */; settings = {ASSET_TAGS = (); }; };
		9C155D751BC074FF00C74FD7 /* LDSpriteNode.swift in Sources */ = {isa = PBXBuildFile; fileRef = 9C155D741BC074FF00C74FD7 /* LDSpriteNode.swift */; settings = {ASSET_TAGS = (); }; };
		9C155D761BC074FF00C74FD7 /* LDSpriteNode.swift in Sources */ = {isa = PBXBuildFile; fileRef = 9C155D741BC074FF00C74FD7 /* LDSpriteNode.swift */; settings = {ASSET_TAGS = (); }; };
		9C155D7B1BC089FF00C74FD7 /* LDScene.swift in Sources */ = {isa = PBXBuildFile; fileRef = 9C155D7A1BC089FF00C74FD7 /* LDScene.swift */; settings = {ASSET_TAGS = (); }; };
		9C155D7C1BC08BF600C74FD7 /* LDScene.swift in Sources */ = {isa = PBXBuildFile; fileRef = 9C155D7A1BC089FF00C74FD7 /* LDScene.swift */; };
		9C19D22F1BBCDC7E00863228 /* LDControllableCharacter.swift in Sources */ = {isa = PBXBuildFile; fileRef = 9C19D22E1BBCDC7E00863228 /* LDControllableCharacter.swift */; };
		9C1C707B1BD319DD00087DD0 /* initial.ld in Resources */ = {isa = PBXBuildFile; fileRef = 9C1C707A1BD319DD00087DD0 /* initial.ld */; settings = {ASSET_TAGS = (); }; };
		9C1C707C1BD319DD00087DD0 /* initial.ld in Resources */ = {isa = PBXBuildFile; fileRef = 9C1C707A1BD319DD00087DD0 /* initial.ld */; settings = {ASSET_TAGS = (); }; };
		9C1C707E1BD3FFCE00087DD0 /* LDMap.swift in Sources */ = {isa = PBXBuildFile; fileRef = 9C1C707D1BD3FFCE00087DD0 /* LDMap.swift */; settings = {ASSET_TAGS = (); }; };
		9C1C707F1BD3FFCE00087DD0 /* LDMap.swift in Sources */ = {isa = PBXBuildFile; fileRef = 9C1C707D1BD3FFCE00087DD0 /* LDMap.swift */; settings = {ASSET_TAGS = (); }; };
		9C270BD91BC203DA0030CC73 /* LDScrollableWorld.swift in Sources */ = {isa = PBXBuildFile; fileRef = 9C270BD81BC203DA0030CC73 /* LDScrollableWorld.swift */; settings = {ASSET_TAGS = (); }; };
		9C270BDA1BC203DA0030CC73 /* LDScrollableWorld.swift in Sources */ = {isa = PBXBuildFile; fileRef = 9C270BD81BC203DA0030CC73 /* LDScrollableWorld.swift */; settings = {ASSET_TAGS = (); }; };
		9C5F9F691BBF5FFB00F8A645 /* LDTimeSlider.swift in Sources */ = {isa = PBXBuildFile; fileRef = 9C5F9F681BBF5FFB00F8A645 /* LDTimeSlider.swift */; };
		9C6215631BFAE71F00767CEC /* LDBackground.swift in Sources */ = {isa = PBXBuildFile; fileRef = 9C6215621BFAE71F00767CEC /* LDBackground.swift */; settings = {ASSET_TAGS = (); }; };
		9C6215641BFAE71F00767CEC /* LDBackground.swift in Sources */ = {isa = PBXBuildFile; fileRef = 9C6215621BFAE71F00767CEC /* LDBackground.swift */; settings = {ASSET_TAGS = (); }; };
		9C9786051BBCB495006646A6 /* Constants.swift in Sources */ = {isa = PBXBuildFile; fileRef = 9C9786041BBCB495006646A6 /* Constants.swift */; };
		9CA33F821BBBA31E00D82255 /* LDCharacter.swift in Sources */ = {isa = PBXBuildFile; fileRef = 9CA33F811BBBA31E00D82255 /* LDCharacter.swift */; };
		9CB8ACE91BD4360800C60ECD /* LDSyncedCharacter.swift in Sources */ = {isa = PBXBuildFile; fileRef = 9CB8ACE81BD4360800C60ECD /* LDSyncedCharacter.swift */; settings = {ASSET_TAGS = (); }; };
		9CB8ACEA1BD4579B00C60ECD /* LDSyncedCharacter.swift in Sources */ = {isa = PBXBuildFile; fileRef = 9CB8ACE81BD4360800C60ECD /* LDSyncedCharacter.swift */; };
		9CE36B5A1BC04985009842E8 /* AppDelegate.swift in Sources */ = {isa = PBXBuildFile; fileRef = 9CE36B591BC04985009842E8 /* AppDelegate.swift */; };
		9CE36B631BC04985009842E8 /* Main.storyboard in Resources */ = {isa = PBXBuildFile; fileRef = 9CE36B611BC04985009842E8 /* Main.storyboard */; };
		9CE36B681BC04985009842E8 /* LaunchScreen.storyboard in Resources */ = {isa = PBXBuildFile; fileRef = 9CE36B661BC04985009842E8 /* LaunchScreen.storyboard */; };
		9CF77FBE1BBB9035003C739F /* AppDelegate.swift in Sources */ = {isa = PBXBuildFile; fileRef = 9CF77FBD1BBB9035003C739F /* AppDelegate.swift */; };
		9CF77FC01BBB9035003C739F /* GameScene.swift in Sources */ = {isa = PBXBuildFile; fileRef = 9CF77FBF1BBB9035003C739F /* GameScene.swift */; };
		9CF77FC21BBB9035003C739F /* GameScene.sks in Resources */ = {isa = PBXBuildFile; fileRef = 9CF77FC11BBB9035003C739F /* GameScene.sks */; };
		9CF77FC41BBB9035003C739F /* Assets.xcassets in Resources */ = {isa = PBXBuildFile; fileRef = 9CF77FC31BBB9035003C739F /* Assets.xcassets */; };
		9CF77FC71BBB9035003C739F /* MainMenu.xib in Resources */ = {isa = PBXBuildFile; fileRef = 9CF77FC51BBB9035003C739F /* MainMenu.xib */; };
/* End PBXBuildFile section */

/* Begin PBXFileReference section */
		9C10FF1A1BF452F60070A2A1 /* LDBar.swift */ = {isa = PBXFileReference; fileEncoding = 4; lastKnownFileType = sourcecode.swift; name = LDBar.swift; path = LunarDrop/LDBar.swift; sourceTree = "<group>"; };
		9C155D661BC0638D00C74FD7 /* GameViewController.swift */ = {isa = PBXFileReference; fileEncoding = 4; lastKnownFileType = sourcecode.swift; path = GameViewController.swift; sourceTree = "<group>"; };
		9C155D711BC074E700C74FD7 /* LDOnScreenJoystick.swift */ = {isa = PBXFileReference; fileEncoding = 4; lastKnownFileType = sourcecode.swift; name = LDOnScreenJoystick.swift; path = LunarDrop/LDOnScreenJoystick.swift; sourceTree = "<group>"; };
		9C155D741BC074FF00C74FD7 /* LDSpriteNode.swift */ = {isa = PBXFileReference; fileEncoding = 4; lastKnownFileType = sourcecode.swift; name = LDSpriteNode.swift; path = LunarDrop/LDSpriteNode.swift; sourceTree = "<group>"; };
		9C155D7A1BC089FF00C74FD7 /* LDScene.swift */ = {isa = PBXFileReference; fileEncoding = 4; lastKnownFileType = sourcecode.swift; name = LDScene.swift; path = LunarDrop/LDScene.swift; sourceTree = "<group>"; };
		9C19D22E1BBCDC7E00863228 /* LDControllableCharacter.swift */ = {isa = PBXFileReference; fileEncoding = 4; lastKnownFileType = sourcecode.swift; name = LDControllableCharacter.swift; path = LunarDrop/LDControllableCharacter.swift; sourceTree = "<group>"; };
		9C1C707A1BD319DD00087DD0 /* initial.ld */ = {isa = PBXFileReference; fileEncoding = 4; lastKnownFileType = text; name = initial.ld; path = LunarDrop/Maps/initial.ld; sourceTree = "<group>"; };
		9C1C707D1BD3FFCE00087DD0 /* LDMap.swift */ = {isa = PBXFileReference; fileEncoding = 4; lastKnownFileType = sourcecode.swift; name = LDMap.swift; path = LunarDrop/LDMap.swift; sourceTree = "<group>"; };
		9C270BD81BC203DA0030CC73 /* LDScrollableWorld.swift */ = {isa = PBXFileReference; fileEncoding = 4; lastKnownFileType = sourcecode.swift; name = LDScrollableWorld.swift; path = LunarDrop/LDScrollableWorld.swift; sourceTree = "<group>"; };
		9C5F9F681BBF5FFB00F8A645 /* LDTimeSlider.swift */ = {isa = PBXFileReference; fileEncoding = 4; lastKnownFileType = sourcecode.swift; name = LDTimeSlider.swift; path = LunarDrop/LDTimeSlider.swift; sourceTree = "<group>"; };
		9C6215621BFAE71F00767CEC /* LDBackground.swift */ = {isa = PBXFileReference; fileEncoding = 4; lastKnownFileType = sourcecode.swift; path = LDBackground.swift; sourceTree = "<group>"; };
		9C9786041BBCB495006646A6 /* Constants.swift */ = {isa = PBXFileReference; fileEncoding = 4; lastKnownFileType = sourcecode.swift; name = Constants.swift; path = LunarDrop/Constants.swift; sourceTree = "<group>"; };
		9CA33F811BBBA31E00D82255 /* LDCharacter.swift */ = {isa = PBXFileReference; fileEncoding = 4; lastKnownFileType = sourcecode.swift; name = LDCharacter.swift; path = LunarDrop/LDCharacter.swift; sourceTree = "<group>"; };
		9CB8ACE81BD4360800C60ECD /* LDSyncedCharacter.swift */ = {isa = PBXFileReference; fileEncoding = 4; lastKnownFileType = sourcecode.swift; name = LDSyncedCharacter.swift; path = LunarDrop/LDSyncedCharacter.swift; sourceTree = "<group>"; };
		9CE36B571BC04985009842E8 /* LunarDropiOS.app */ = {isa = PBXFileReference; explicitFileType = wrapper.application; includeInIndex = 0; path = LunarDropiOS.app; sourceTree = BUILT_PRODUCTS_DIR; };
		9CE36B591BC04985009842E8 /* AppDelegate.swift */ = {isa = PBXFileReference; lastKnownFileType = sourcecode.swift; path = AppDelegate.swift; sourceTree = "<group>"; };
		9CE36B621BC04985009842E8 /* Base */ = {isa = PBXFileReference; lastKnownFileType = file.storyboard; name = Base; path = Base.lproj/Main.storyboard; sourceTree = "<group>"; };
		9CE36B671BC04985009842E8 /* Base */ = {isa = PBXFileReference; lastKnownFileType = file.storyboard; name = Base; path = Base.lproj/LaunchScreen.storyboard; sourceTree = "<group>"; };
		9CE36B691BC04985009842E8 /* Info.plist */ = {isa = PBXFileReference; lastKnownFileType = text.plist.xml; path = Info.plist; sourceTree = "<group>"; };
		9CF77FBA1BBB9035003C739F /* LunarDropMac.app */ = {isa = PBXFileReference; explicitFileType = wrapper.application; includeInIndex = 0; path = LunarDropMac.app; sourceTree = BUILT_PRODUCTS_DIR; };
		9CF77FBD1BBB9035003C739F /* AppDelegate.swift */ = {isa = PBXFileReference; lastKnownFileType = sourcecode.swift; path = AppDelegate.swift; sourceTree = "<group>"; };
		9CF77FBF1BBB9035003C739F /* GameScene.swift */ = {isa = PBXFileReference; lastKnownFileType = sourcecode.swift; name = GameScene.swift; path = LunarDrop/GameScene.swift; sourceTree = "<group>"; };
		9CF77FC11BBB9035003C739F /* GameScene.sks */ = {isa = PBXFileReference; lastKnownFileType = file.sks; name = GameScene.sks; path = LunarDrop/GameScene.sks; sourceTree = "<group>"; };
		9CF77FC31BBB9035003C739F /* Assets.xcassets */ = {isa = PBXFileReference; lastKnownFileType = folder.assetcatalog; name = Assets.xcassets; path = LunarDrop/Assets.xcassets; sourceTree = "<group>"; };
		9CF77FC61BBB9035003C739F /* Base */ = {isa = PBXFileReference; lastKnownFileType = file.xib; name = Base; path = Base.lproj/MainMenu.xib; sourceTree = "<group>"; };
		9CF77FC81BBB9035003C739F /* Info.plist */ = {isa = PBXFileReference; lastKnownFileType = text.plist.xml; path = Info.plist; sourceTree = "<group>"; };
/* End PBXFileReference section */

/* Begin PBXFrameworksBuildPhase section */
		9CE36B541BC04985009842E8 /* Frameworks */ = {
			isa = PBXFrameworksBuildPhase;
			buildActionMask = 2147483647;
			files = (
			);
			runOnlyForDeploymentPostprocessing = 0;
		};
		9CF77FB71BBB9035003C739F /* Frameworks */ = {
			isa = PBXFrameworksBuildPhase;
			buildActionMask = 2147483647;
			files = (
			);
			runOnlyForDeploymentPostprocessing = 0;
		};
/* End PBXFrameworksBuildPhase section */

/* Begin PBXGroup section */
		9C155D651BC05E1D00C74FD7 /* LunarDrop */ = {
			isa = PBXGroup;
			children = (
				9C270BD81BC203DA0030CC73 /* LDScrollableWorld.swift */,
				9CF77FC31BBB9035003C739F /* Assets.xcassets */,
				9CF77FBF1BBB9035003C739F /* GameScene.swift */,
				9CA33F811BBBA31E00D82255 /* LDCharacter.swift */,
				9C19D22E1BBCDC7E00863228 /* LDControllableCharacter.swift */,
				9CB8ACE81BD4360800C60ECD /* LDSyncedCharacter.swift */,
				9C1C70791BD319A500087DD0 /* Maps */,
				9CF77FC11BBB9035003C739F /* GameScene.sks */,
				9C9786041BBCB495006646A6 /* Constants.swift */,
				9C5F9F681BBF5FFB00F8A645 /* LDTimeSlider.swift */,
				9C155D711BC074E700C74FD7 /* LDOnScreenJoystick.swift */,
				9C155D741BC074FF00C74FD7 /* LDSpriteNode.swift */,
				9C155D7A1BC089FF00C74FD7 /* LDScene.swift */,
				9C1C707D1BD3FFCE00087DD0 /* LDMap.swift */,
				9C10FF1A1BF452F60070A2A1 /* LDBar.swift */,
				9C6215621BFAE71F00767CEC /* LDBackground.swift */,
			);
			name = LunarDrop;
			sourceTree = "<group>";
		};
		9C1C70791BD319A500087DD0 /* Maps */ = {
			isa = PBXGroup;
			children = (
				9C1C707A1BD319DD00087DD0 /* initial.ld */,
			);
			name = Maps;
			sourceTree = "<group>";
		};
		9CE36B581BC04985009842E8 /* LunarDropiOS */ = {
			isa = PBXGroup;
			children = (
				9CE36B591BC04985009842E8 /* AppDelegate.swift */,
				9CE36B611BC04985009842E8 /* Main.storyboard */,
				9C155D661BC0638D00C74FD7 /* GameViewController.swift */,
				9CE36B661BC04985009842E8 /* LaunchScreen.storyboard */,
				9CE36B691BC04985009842E8 /* Info.plist */,
			);
			path = LunarDropiOS;
			sourceTree = "<group>";
		};
		9CF77FB11BBB9035003C739F = {
			isa = PBXGroup;
			children = (
				9C155D651BC05E1D00C74FD7 /* LunarDrop */,
				9CF77FBC1BBB9035003C739F /* LunarDropMac */,
				9CE36B581BC04985009842E8 /* LunarDropiOS */,
				9CF77FBB1BBB9035003C739F /* Products */,
			);
			sourceTree = "<group>";
		};
		9CF77FBB1BBB9035003C739F /* Products */ = {
			isa = PBXGroup;
			children = (
				9CF77FBA1BBB9035003C739F /* LunarDropMac.app */,
				9CE36B571BC04985009842E8 /* LunarDropiOS.app */,
			);
			name = Products;
			sourceTree = "<group>";
		};
		9CF77FBC1BBB9035003C739F /* LunarDropMac */ = {
			isa = PBXGroup;
			children = (
				9CF77FBD1BBB9035003C739F /* AppDelegate.swift */,
				9CF77FC51BBB9035003C739F /* MainMenu.xib */,
				9CF77FC81BBB9035003C739F /* Info.plist */,
			);
			path = LunarDropMac;
			sourceTree = "<group>";
		};
/* End PBXGroup section */

/* Begin PBXNativeTarget section */
		9CE36B561BC04985009842E8 /* LunarDropiOS */ = {
			isa = PBXNativeTarget;
			buildConfigurationList = 9CE36B6A1BC04985009842E8 /* Build configuration list for PBXNativeTarget "LunarDropiOS" */;
			buildPhases = (
				9CE36B531BC04985009842E8 /* Sources */,
				9CE36B541BC04985009842E8 /* Frameworks */,
				9CE36B551BC04985009842E8 /* Resources */,
			);
			buildRules = (
			);
			dependencies = (
			);
			name = LunarDropiOS;
			productName = LunarDropiOS;
			productReference = 9CE36B571BC04985009842E8 /* LunarDropiOS.app */;
			productType = "com.apple.product-type.application";
		};
		9CF77FB91BBB9035003C739F /* LunarDropMac */ = {
			isa = PBXNativeTarget;
			buildConfigurationList = 9CF77FCB1BBB9035003C739F /* Build configuration list for PBXNativeTarget "LunarDropMac" */;
			buildPhases = (
				9CF77FB61BBB9035003C739F /* Sources */,
				9CF77FB71BBB9035003C739F /* Frameworks */,
				9CF77FB81BBB9035003C739F /* Resources */,
			);
			buildRules = (
			);
			dependencies = (
			);
			name = LunarDropMac;
			productName = SwiftHello;
			productReference = 9CF77FBA1BBB9035003C739F /* LunarDropMac.app */;
			productType = "com.apple.product-type.application";
		};
/* End PBXNativeTarget section */

/* Begin PBXProject section */
		9CF77FB21BBB9035003C739F /* Project object */ = {
			isa = PBXProject;
			attributes = {
				LastUpgradeCheck = 0700;
				ORGANIZATIONNAME = "Ricky Ayoub";
				TargetAttributes = {
					9CE36B561BC04985009842E8 = {
						CreatedOnToolsVersion = 7.0.1;
						DevelopmentTeam = C34C2M7MC7;
					};
					9CF77FB91BBB9035003C739F = {
						CreatedOnToolsVersion = 7.0;
					};
				};
			};
			buildConfigurationList = 9CF77FB51BBB9035003C739F /* Build configuration list for PBXProject "LunarDrop" */;
			compatibilityVersion = "Xcode 3.2";
			developmentRegion = English;
			hasScannedForEncodings = 0;
			knownRegions = (
				en,
				Base,
			);
			mainGroup = 9CF77FB11BBB9035003C739F;
			productRefGroup = 9CF77FBB1BBB9035003C739F /* Products */;
			projectDirPath = "";
			projectRoot = "";
			targets = (
				9CF77FB91BBB9035003C739F /* LunarDropMac */,
				9CE36B561BC04985009842E8 /* LunarDropiOS */,
			);
		};
/* End PBXProject section */

/* Begin PBXResourcesBuildPhase section */
		9CE36B551BC04985009842E8 /* Resources */ = {
			isa = PBXResourcesBuildPhase;
			buildActionMask = 2147483647;
			files = (
				9C1C707C1BD319DD00087DD0 /* initial.ld in Resources */,
				9C155D681BC0648600C74FD7 /* Assets.xcassets in Resources */,
				9C155D691BC0648600C74FD7 /* GameScene.sks in Resources */,
				9CE36B681BC04985009842E8 /* LaunchScreen.storyboard in Resources */,
				9CE36B631BC04985009842E8 /* Main.storyboard in Resources */,
			);
			runOnlyForDeploymentPostprocessing = 0;
		};
		9CF77FB81BBB9035003C739F /* Resources */ = {
			isa = PBXResourcesBuildPhase;
			buildActionMask = 2147483647;
			files = (
				9CF77FC41BBB9035003C739F /* Assets.xcassets in Resources */,
				9CF77FC21BBB9035003C739F /* GameScene.sks in Resources */,
				9C1C707B1BD319DD00087DD0 /* initial.ld in Resources */,
				9CF77FC71BBB9035003C739F /* MainMenu.xib in Resources */,
			);
			runOnlyForDeploymentPostprocessing = 0;
		};
/* End PBXResourcesBuildPhase section */

/* Begin PBXSourcesBuildPhase section */
		9CE36B531BC04985009842E8 /* Sources */ = {
			isa = PBXSourcesBuildPhase;
			buildActionMask = 2147483647;
			files = (
				9CB8ACEA1BD4579B00C60ECD /* LDSyncedCharacter.swift in Sources */,
				9C1C707F1BD3FFCE00087DD0 /* LDMap.swift in Sources */,
				9C155D7C1BC08BF600C74FD7 /* LDScene.swift in Sources */,
				9C155D731BC074E700C74FD7 /* LDOnScreenJoystick.swift in Sources */,
				9C6215641BFAE71F00767CEC /* LDBackground.swift in Sources */,
				9C155D6A1BC064BB00C74FD7 /* GameScene.swift in Sources */,
				9C155D6B1BC064BB00C74FD7 /* LDCharacter.swift in Sources */,
				9C155D6C1BC064BB00C74FD7 /* LDControllableCharacter.swift in Sources */,
				9C155D6D1BC064BB00C74FD7 /* Constants.swift in Sources */,
				9C155D6E1BC064BB00C74FD7 /* LDTimeSlider.swift in Sources */,
				9C270BDA1BC203DA0030CC73 /* LDScrollableWorld.swift in Sources */,
				9C155D761BC074FF00C74FD7 /* LDSpriteNode.swift in Sources */,
				9C10FF1C1BF452F60070A2A1 /* LDBar.swift in Sources */,
				9C155D671BC0638D00C74FD7 /* GameViewController.swift in Sources */,
				9CE36B5A1BC04985009842E8 /* AppDelegate.swift in Sources */,
			);
			runOnlyForDeploymentPostprocessing = 0;
		};
		9CF77FB61BBB9035003C739F /* Sources */ = {
			isa = PBXSourcesBuildPhase;
			buildActionMask = 2147483647;
			files = (
				9C155D751BC074FF00C74FD7 /* LDSpriteNode.swift in Sources */,
				9CF77FC01BBB9035003C739F /* GameScene.swift in Sources */,
				9C1C707E1BD3FFCE00087DD0 /* LDMap.swift in Sources */,
				9C10FF1B1BF452F60070A2A1 /* LDBar.swift in Sources */,
				9CF77FBE1BBB9035003C739F /* AppDelegate.swift in Sources */,
				9CA33F821BBBA31E00D82255 /* LDCharacter.swift in Sources */,
				9CB8ACE91BD4360800C60ECD /* LDSyncedCharacter.swift in Sources */,
				9C19D22F1BBCDC7E00863228 /* LDControllableCharacter.swift in Sources */,
				9C9786051BBCB495006646A6 /* Constants.swift in Sources */,
				9C6215631BFAE71F00767CEC /* LDBackground.swift in Sources */,
				9C155D721BC074E700C74FD7 /* LDOnScreenJoystick.swift in Sources */,
				9C155D7B1BC089FF00C74FD7 /* LDScene.swift in Sources */,
				9C5F9F691BBF5FFB00F8A645 /* LDTimeSlider.swift in Sources */,
				9C270BD91BC203DA0030CC73 /* LDScrollableWorld.swift in Sources */,
			);
			runOnlyForDeploymentPostprocessing = 0;
		};
/* End PBXSourcesBuildPhase section */

/* Begin PBXVariantGroup section */
		9CE36B611BC04985009842E8 /* Main.storyboard */ = {
			isa = PBXVariantGroup;
			children = (
				9CE36B621BC04985009842E8 /* Base */,
			);
			name = Main.storyboard;
			sourceTree = "<group>";
		};
		9CE36B661BC04985009842E8 /* LaunchScreen.storyboard */ = {
			isa = PBXVariantGroup;
			children = (
				9CE36B671BC04985009842E8 /* Base */,
			);
			name = LaunchScreen.storyboard;
			sourceTree = "<group>";
		};
		9CF77FC51BBB9035003C739F /* MainMenu.xib */ = {
			isa = PBXVariantGroup;
			children = (
				9CF77FC61BBB9035003C739F /* Base */,
			);
			name = MainMenu.xib;
			sourceTree = "<group>";
		};
/* End PBXVariantGroup section */

/* Begin XCBuildConfiguration section */
		9CE36B6B1BC04985009842E8 /* Debug */ = {
			isa = XCBuildConfiguration;
			buildSettings = {
				ASSETCATALOG_COMPILER_APPICON_NAME = AppIcon;
				CODE_SIGN_IDENTITY = "iPhone Developer";
				"CODE_SIGN_IDENTITY[sdk=iphoneos*]" = "iPhone Developer";
				DEBUG_INFORMATION_FORMAT = "dwarf-with-dsym";
				INFOPLIST_FILE = LunarDropiOS/Info.plist;
				IPHONEOS_DEPLOYMENT_TARGET = 8.0;
				LD_RUNPATH_SEARCH_PATHS = "$(inherited) @executable_path/Frameworks";
				PRODUCT_BUNDLE_IDENTIFIER = com.vgmoose.LunarDropiOS;
				PRODUCT_NAME = "$(TARGET_NAME)";
				PROVISIONING_PROFILE = "";
				SDKROOT = iphoneos;
				TARGETED_DEVICE_FAMILY = "1,2";
			};
			name = Debug;
		};
		9CE36B6C1BC04985009842E8 /* Release */ = {
			isa = XCBuildConfiguration;
			buildSettings = {
				ASSETCATALOG_COMPILER_APPICON_NAME = AppIcon;
				CODE_SIGN_IDENTITY = "iPhone Developer";
				"CODE_SIGN_IDENTITY[sdk=iphoneos*]" = "iPhone Developer";
				INFOPLIST_FILE = LunarDropiOS/Info.plist;
				IPHONEOS_DEPLOYMENT_TARGET = 8.0;
				LD_RUNPATH_SEARCH_PATHS = "$(inherited) @executable_path/Frameworks";
				PRODUCT_BUNDLE_IDENTIFIER = com.vgmoose.LunarDropiOS;
				PRODUCT_NAME = "$(TARGET_NAME)";
				PROVISIONING_PROFILE = "";
				SDKROOT = iphoneos;
				TARGETED_DEVICE_FAMILY = "1,2";
				VALIDATE_PRODUCT = YES;
			};
			name = Release;
		};
		9CF77FC91BBB9035003C739F /* Debug */ = {
			isa = XCBuildConfiguration;
			buildSettings = {
				ALWAYS_SEARCH_USER_PATHS = NO;
				CLANG_CXX_LANGUAGE_STANDARD = "gnu++0x";
				CLANG_CXX_LIBRARY = "libc++";
				CLANG_ENABLE_MODULES = YES;
				CLANG_ENABLE_OBJC_ARC = YES;
				CLANG_WARN_BOOL_CONVERSION = YES;
				CLANG_WARN_CONSTANT_CONVERSION = YES;
				CLANG_WARN_DIRECT_OBJC_ISA_USAGE = YES_ERROR;
				CLANG_WARN_EMPTY_BODY = YES;
				CLANG_WARN_ENUM_CONVERSION = YES;
				CLANG_WARN_INT_CONVERSION = YES;
				CLANG_WARN_OBJC_ROOT_CLASS = YES_ERROR;
				CLANG_WARN_UNREACHABLE_CODE = YES;
				CLANG_WARN__DUPLICATE_METHOD_MATCH = YES;
				CODE_SIGN_IDENTITY = "-";
				COPY_PHASE_STRIP = NO;
				DEBUG_INFORMATION_FORMAT = dwarf;
				ENABLE_STRICT_OBJC_MSGSEND = YES;
				ENABLE_TESTABILITY = YES;
				GCC_C_LANGUAGE_STANDARD = gnu99;
				GCC_DYNAMIC_NO_PIC = NO;
				GCC_NO_COMMON_BLOCKS = YES;
				GCC_OPTIMIZATION_LEVEL = 0;
				GCC_PREPROCESSOR_DEFINITIONS = (
					"DEBUG=1",
					"$(inherited)",
				);
				GCC_WARN_64_TO_32_BIT_CONVERSION = YES;
				GCC_WARN_ABOUT_RETURN_TYPE = YES_ERROR;
				GCC_WARN_UNDECLARED_SELECTOR = YES;
				GCC_WARN_UNINITIALIZED_AUTOS = YES_AGGRESSIVE;
				GCC_WARN_UNUSED_FUNCTION = YES;
				GCC_WARN_UNUSED_VARIABLE = YES;
				MACOSX_DEPLOYMENT_TARGET = 10.9;
				MTL_ENABLE_DEBUG_INFO = YES;
				ONLY_ACTIVE_ARCH = YES;
				SDKROOT = macosx;
				SWIFT_OPTIMIZATION_LEVEL = "-Onone";
			};
			name = Debug;
		};
		9CF77FCA1BBB9035003C739F /* Release */ = {
			isa = XCBuildConfiguration;
			buildSettings = {
				ALWAYS_SEARCH_USER_PATHS = NO;
				CLANG_CXX_LANGUAGE_STANDARD = "gnu++0x";
				CLANG_CXX_LIBRARY = "libc++";
				CLANG_ENABLE_MODULES = YES;
				CLANG_ENABLE_OBJC_ARC = YES;
				CLANG_WARN_BOOL_CONVERSION = YES;
				CLANG_WARN_CONSTANT_CONVERSION = YES;
				CLANG_WARN_DIRECT_OBJC_ISA_USAGE = YES_ERROR;
				CLANG_WARN_EMPTY_BODY = YES;
				CLANG_WARN_ENUM_CONVERSION = YES;
				CLANG_WARN_INT_CONVERSION = YES;
				CLANG_WARN_OBJC_ROOT_CLASS = YES_ERROR;
				CLANG_WARN_UNREACHABLE_CODE = YES;
				CLANG_WARN__DUPLICATE_METHOD_MATCH = YES;
				CODE_SIGN_IDENTITY = "-";
				COPY_PHASE_STRIP = NO;
				DEBUG_INFORMATION_FORMAT = "dwarf-with-dsym";
				ENABLE_NS_ASSERTIONS = NO;
				ENABLE_STRICT_OBJC_MSGSEND = YES;
				GCC_C_LANGUAGE_STANDARD = gnu99;
				GCC_NO_COMMON_BLOCKS = YES;
				GCC_WARN_64_TO_32_BIT_CONVERSION = YES;
				GCC_WARN_ABOUT_RETURN_TYPE = YES_ERROR;
				GCC_WARN_UNDECLARED_SELECTOR = YES;
				GCC_WARN_UNINITIALIZED_AUTOS = YES_AGGRESSIVE;
				GCC_WARN_UNUSED_FUNCTION = YES;
				GCC_WARN_UNUSED_VARIABLE = YES;
				MACOSX_DEPLOYMENT_TARGET = 10.9;
				MTL_ENABLE_DEBUG_INFO = NO;
				SDKROOT = macosx;
			};
			name = Release;
		};
		9CF77FCC1BBB9035003C739F /* Debug */ = {
			isa = XCBuildConfiguration;
			buildSettings = {
				ASSETCATALOG_COMPILER_APPICON_NAME = AppIcon;
				COMBINE_HIDPI_IMAGES = YES;
				INFOPLIST_FILE = "$(SRCROOT)/LunarDropMac/Info.plist";
				LD_RUNPATH_SEARCH_PATHS = "$(inherited) @executable_path/../Frameworks";
				PRODUCT_BUNDLE_IDENTIFIER = com.vgmoose.LunarDrop;
				PRODUCT_NAME = "$(TARGET_NAME)";
			};
			name = Debug;
		};
		9CF77FCD1BBB9035003C739F /* Release */ = {
			isa = XCBuildConfiguration;
			buildSettings = {
				ASSETCATALOG_COMPILER_APPICON_NAME = AppIcon;
				COMBINE_HIDPI_IMAGES = YES;
				INFOPLIST_FILE = "$(SRCROOT)/LunarDropMac/Info.plist";
				LD_RUNPATH_SEARCH_PATHS = "$(inherited) @executable_path/../Frameworks";
				PRODUCT_BUNDLE_IDENTIFIER = com.vgmoose.LunarDrop;
				PRODUCT_NAME = "$(TARGET_NAME)";
			};
			name = Release;
		};
/* End XCBuildConfiguration section */

/* Begin XCConfigurationList section */
		9CE36B6A1BC04985009842E8 /* Build configuration list for PBXNativeTarget "LunarDropiOS" */ = {
			isa = XCConfigurationList;
			buildConfigurations = (
				9CE36B6B1BC04985009842E8 /* Debug */,
				9CE36B6C1BC04985009842E8 /* Release */,
			);
			defaultConfigurationIsVisible = 0;
			defaultConfigurationName = Release;
		};
		9CF77FB51BBB9035003C739F /* Build configuration list for PBXProject "LunarDrop" */ = {
			isa = XCConfigurationList;
			buildConfigurations = (
				9CF77FC91BBB9035003C739F /* Debug */,
				9CF77FCA1BBB9035003C739F /* Release */,
			);
			defaultConfigurationIsVisible = 0;
			defaultConfigurationName = Release;
		};
		9CF77FCB1BBB9035003C739F /* Build configuration list for PBXNativeTarget "LunarDropMac" */ = {
			isa = XCConfigurationList;
			buildConfigurations = (
				9CF77FCC1BBB9035003C739F /* Debug */,
				9CF77FCD1BBB9035003C739F /* Release */,
			);
			defaultConfigurationIsVisible = 0;
			defaultConfigurationName = Release;
		};
/* End XCConfigurationList section */
	};
	rootObject = 9CF77FB21BBB9035003C739F /* Project object */;
}
