// !$*UTF8*$!
{
	archiveVersion = 1;
	classes = {
	};
	objectVersion = 46;
	objects = {

/* Begin PBXBuildFile section */
		9C19D22F1BBCDC7E00863228 /* LDControllableCharacter.swift in Sources */ = {isa = PBXBuildFile; fileRef = 9C19D22E1BBCDC7E00863228 /* LDControllableCharacter.swift */; };
		9C9786051BBCB495006646A6 /* Constants.swift in Sources */ = {isa = PBXBuildFile; fileRef = 9C9786041BBCB495006646A6 /* Constants.swift */; };
		9CA33F821BBBA31E00D82255 /* LDCharacter.swift in Sources */ = {isa = PBXBuildFile; fileRef = 9CA33F811BBBA31E00D82255 /* LDCharacter.swift */; };
		9CF77FBE1BBB9035003C739F /* AppDelegate.swift in Sources */ = {isa = PBXBuildFile; fileRef = 9CF77FBD1BBB9035003C739F /* AppDelegate.swift */; };
		9CF77FC01BBB9035003C739F /* GameScene.swift in Sources */ = {isa = PBXBuildFile; fileRef = 9CF77FBF1BBB9035003C739F /* GameScene.swift */; };
		9CF77FC21BBB9035003C739F /* GameScene.sks in Resources */ = {isa = PBXBuildFile; fileRef = 9CF77FC11BBB9035003C739F /* GameScene.sks */; };
		9CF77FC41BBB9035003C739F /* Assets.xcassets in Resources */ = {isa = PBXBuildFile; fileRef = 9CF77FC31BBB9035003C739F /* Assets.xcassets */; };
		9CF77FC71BBB9035003C739F /* MainMenu.xib in Resources */ = {isa = PBXBuildFile; fileRef = 9CF77FC51BBB9035003C739F /* MainMenu.xib */; };
/* End PBXBuildFile section */

/* Begin PBXFileReference section */
		9C19D22E1BBCDC7E00863228 /* LDControllableCharacter.swift */ = {isa = PBXFileReference; fileEncoding = 4; lastKnownFileType = sourcecode.swift; path = LDControllableCharacter.swift; sourceTree = "<group>"; };
		9C9786041BBCB495006646A6 /* Constants.swift */ = {isa = PBXFileReference; fileEncoding = 4; lastKnownFileType = sourcecode.swift; path = Constants.swift; sourceTree = "<group>"; };
		9CA33F811BBBA31E00D82255 /* LDCharacter.swift */ = {isa = PBXFileReference; fileEncoding = 4; lastKnownFileType = sourcecode.swift; path = LDCharacter.swift; sourceTree = "<group>"; };
		9CF77FBA1BBB9035003C739F /* SwiftHello.app */ = {isa = PBXFileReference; explicitFileType = wrapper.application; includeInIndex = 0; path = SwiftHello.app; sourceTree = BUILT_PRODUCTS_DIR; };
		9CF77FBD1BBB9035003C739F /* AppDelegate.swift */ = {isa = PBXFileReference; lastKnownFileType = sourcecode.swift; path = AppDelegate.swift; sourceTree = "<group>"; };
		9CF77FBF1BBB9035003C739F /* GameScene.swift */ = {isa = PBXFileReference; lastKnownFileType = sourcecode.swift; path = GameScene.swift; sourceTree = "<group>"; };
		9CF77FC11BBB9035003C739F /* GameScene.sks */ = {isa = PBXFileReference; lastKnownFileType = file.sks; path = GameScene.sks; sourceTree = "<group>"; };
		9CF77FC31BBB9035003C739F /* Assets.xcassets */ = {isa = PBXFileReference; lastKnownFileType = folder.assetcatalog; path = Assets.xcassets; sourceTree = "<group>"; };
		9CF77FC61BBB9035003C739F /* Base */ = {isa = PBXFileReference; lastKnownFileType = file.xib; name = Base; path = Base.lproj/MainMenu.xib; sourceTree = "<group>"; };
		9CF77FC81BBB9035003C739F /* Info.plist */ = {isa = PBXFileReference; lastKnownFileType = text.plist.xml; path = Info.plist; sourceTree = "<group>"; };
/* End PBXFileReference section */

/* Begin PBXFrameworksBuildPhase section */
		9CF77FB71BBB9035003C739F /* Frameworks */ = {
			isa = PBXFrameworksBuildPhase;
			buildActionMask = 2147483647;
			files = (
			);
			runOnlyForDeploymentPostprocessing = 0;
		};
/* End PBXFrameworksBuildPhase section */

/* Begin PBXGroup section */
		9CF77FB11BBB9035003C739F = {
			isa = PBXGroup;
			children = (
				9CF77FBC1BBB9035003C739F /* SwiftHello */,
				9CF77FBB1BBB9035003C739F /* Products */,
			);
			sourceTree = "<group>";
		};
		9CF77FBB1BBB9035003C739F /* Products */ = {
			isa = PBXGroup;
			children = (
				9CF77FBA1BBB9035003C739F /* SwiftHello.app */,
			);
			name = Products;
			sourceTree = "<group>";
		};
		9CF77FBC1BBB9035003C739F /* SwiftHello */ = {
			isa = PBXGroup;
			children = (
				9CF77FBD1BBB9035003C739F /* AppDelegate.swift */,
				9CF77FBF1BBB9035003C739F /* GameScene.swift */,
				9CA33F811BBBA31E00D82255 /* LDCharacter.swift */,
				9C19D22E1BBCDC7E00863228 /* LDControllableCharacter.swift */,
				9CF77FC11BBB9035003C739F /* GameScene.sks */,
				9CF77FC31BBB9035003C739F /* Assets.xcassets */,
				9CF77FC51BBB9035003C739F /* MainMenu.xib */,
				9CF77FC81BBB9035003C739F /* Info.plist */,
				9C9786041BBCB495006646A6 /* Constants.swift */,
			);
			path = SwiftHello;
			sourceTree = "<group>";
		};
/* End PBXGroup section */

/* Begin PBXNativeTarget section */
		9CF77FB91BBB9035003C739F /* SwiftHello */ = {
			isa = PBXNativeTarget;
			buildConfigurationList = 9CF77FCB1BBB9035003C739F /* Build configuration list for PBXNativeTarget "SwiftHello" */;
			buildPhases = (
				9CF77FB61BBB9035003C739F /* Sources */,
				9CF77FB71BBB9035003C739F /* Frameworks */,
				9CF77FB81BBB9035003C739F /* Resources */,
			);
			buildRules = (
			);
			dependencies = (
			);
			name = SwiftHello;
			productName = SwiftHello;
			productReference = 9CF77FBA1BBB9035003C739F /* SwiftHello.app */;
			productType = "com.apple.product-type.application";
		};
/* End PBXNativeTarget section */

/* Begin PBXProject section */
		9CF77FB21BBB9035003C739F /* Project object */ = {
			isa = PBXProject;
			attributes = {
				LastUpgradeCheck = 0700;
				ORGANIZATIONNAME = "Ricky Ayoub";
				TargetAttributes = {
					9CF77FB91BBB9035003C739F = {
						CreatedOnToolsVersion = 7.0;
					};
				};
			};
			buildConfigurationList = 9CF77FB51BBB9035003C739F /* Build configuration list for PBXProject "SwiftHello" */;
			compatibilityVersion = "Xcode 3.2";
			developmentRegion = English;
			hasScannedForEncodings = 0;
			knownRegions = (
				en,
				Base,
			);
			mainGroup = 9CF77FB11BBB9035003C739F;
			productRefGroup = 9CF77FBB1BBB9035003C739F /* Products */;
			projectDirPath = "";
			projectRoot = "";
			targets = (
				9CF77FB91BBB9035003C739F /* SwiftHello */,
			);
		};
/* End PBXProject section */

/* Begin PBXResourcesBuildPhase section */
		9CF77FB81BBB9035003C739F /* Resources */ = {
			isa = PBXResourcesBuildPhase;
			buildActionMask = 2147483647;
			files = (
				9CF77FC41BBB9035003C739F /* Assets.xcassets in Resources */,
				9CF77FC21BBB9035003C739F /* GameScene.sks in Resources */,
				9CF77FC71BBB9035003C739F /* MainMenu.xib in Resources */,
			);
			runOnlyForDeploymentPostprocessing = 0;
		};
/* End PBXResourcesBuildPhase section */

/* Begin PBXSourcesBuildPhase section */
		9CF77FB61BBB9035003C739F /* Sources */ = {
			isa = PBXSourcesBuildPhase;
			buildActionMask = 2147483647;
			files = (
				9CF77FC01BBB9035003C739F /* GameScene.swift in Sources */,
				9CF77FBE1BBB9035003C739F /* AppDelegate.swift in Sources */,
				9CA33F821BBBA31E00D82255 /* LDCharacter.swift in Sources */,
				9C19D22F1BBCDC7E00863228 /* LDControllableCharacter.swift in Sources */,
				9C9786051BBCB495006646A6 /* Constants.swift in Sources */,
			);
			runOnlyForDeploymentPostprocessing = 0;
		};
/* End PBXSourcesBuildPhase section */

/* Begin PBXVariantGroup section */
		9CF77FC51BBB9035003C739F /* MainMenu.xib */ = {
			isa = PBXVariantGroup;
			children = (
				9CF77FC61BBB9035003C739F /* Base */,
			);
			name = MainMenu.xib;
			sourceTree = "<group>";
		};
/* End PBXVariantGroup section */

/* Begin XCBuildConfiguration section */
		9CF77FC91BBB9035003C739F /* Debug */ = {
			isa = XCBuildConfiguration;
			buildSettings = {
				ALWAYS_SEARCH_USER_PATHS = NO;
				CLANG_CXX_LANGUAGE_STANDARD = "gnu++0x";
				CLANG_CXX_LIBRARY = "libc++";
				CLANG_ENABLE_MODULES = YES;
				CLANG_ENABLE_OBJC_ARC = YES;
				CLANG_WARN_BOOL_CONVERSION = YES;
				CLANG_WARN_CONSTANT_CONVERSION = YES;
				CLANG_WARN_DIRECT_OBJC_ISA_USAGE = YES_ERROR;
				CLANG_WARN_EMPTY_BODY = YES;
				CLANG_WARN_ENUM_CONVERSION = YES;
				CLANG_WARN_INT_CONVERSION = YES;
				CLANG_WARN_OBJC_ROOT_CLASS = YES_ERROR;
				CLANG_WARN_UNREACHABLE_CODE = YES;
				CLANG_WARN__DUPLICATE_METHOD_MATCH = YES;
				CODE_SIGN_IDENTITY = "-";
				COPY_PHASE_STRIP = NO;
				DEBUG_INFORMATION_FORMAT = dwarf;
				ENABLE_STRICT_OBJC_MSGSEND = YES;
				ENABLE_TESTABILITY = YES;
				GCC_C_LANGUAGE_STANDARD = gnu99;
				GCC_DYNAMIC_NO_PIC = NO;
				GCC_NO_COMMON_BLOCKS = YES;
				GCC_OPTIMIZATION_LEVEL = 0;
				GCC_PREPROCESSOR_DEFINITIONS = (
					"DEBUG=1",
					"$(inherited)",
				);
				GCC_WARN_64_TO_32_BIT_CONVERSION = YES;
				GCC_WARN_ABOUT_RETURN_TYPE = YES_ERROR;
				GCC_WARN_UNDECLARED_SELECTOR = YES;
				GCC_WARN_UNINITIALIZED_AUTOS = YES_AGGRESSIVE;
				GCC_WARN_UNUSED_FUNCTION = YES;
				GCC_WARN_UNUSED_VARIABLE = YES;
				MACOSX_DEPLOYMENT_TARGET = 10.11;
				MTL_ENABLE_DEBUG_INFO = YES;
				ONLY_ACTIVE_ARCH = YES;
				SDKROOT = macosx;
				SWIFT_OPTIMIZATION_LEVEL = "-Onone";
			};
			name = Debug;
		};
		9CF77FCA1BBB9035003C739F /* Release */ = {
			isa = XCBuildConfiguration;
			buildSettings = {
				ALWAYS_SEARCH_USER_PATHS = NO;
				CLANG_CXX_LANGUAGE_STANDARD = "gnu++0x";
				CLANG_CXX_LIBRARY = "libc++";
				CLANG_ENABLE_MODULES = YES;
				CLANG_ENABLE_OBJC_ARC = YES;
				CLANG_WARN_BOOL_CONVERSION = YES;
				CLANG_WARN_CONSTANT_CONVERSION = YES;
				CLANG_WARN_DIRECT_OBJC_ISA_USAGE = YES_ERROR;
				CLANG_WARN_EMPTY_BODY = YES;
				CLANG_WARN_ENUM_CONVERSION = YES;
				CLANG_WARN_INT_CONVERSION = YES;
				CLANG_WARN_OBJC_ROOT_CLASS = YES_ERROR;
				CLANG_WARN_UNREACHABLE_CODE = YES;
				CLANG_WARN__DUPLICATE_METHOD_MATCH = YES;
				CODE_SIGN_IDENTITY = "-";
				COPY_PHASE_STRIP = NO;
				DEBUG_INFORMATION_FORMAT = "dwarf-with-dsym";
				ENABLE_NS_ASSERTIONS = NO;
				ENABLE_STRICT_OBJC_MSGSEND = YES;
				GCC_C_LANGUAGE_STANDARD = gnu99;
				GCC_NO_COMMON_BLOCKS = YES;
				GCC_WARN_64_TO_32_BIT_CONVERSION = YES;
				GCC_WARN_ABOUT_RETURN_TYPE = YES_ERROR;
				GCC_WARN_UNDECLARED_SELECTOR = YES;
				GCC_WARN_UNINITIALIZED_AUTOS = YES_AGGRESSIVE;
				GCC_WARN_UNUSED_FUNCTION = YES;
				GCC_WARN_UNUSED_VARIABLE = YES;
				MACOSX_DEPLOYMENT_TARGET = 10.11;
				MTL_ENABLE_DEBUG_INFO = NO;
				SDKROOT = macosx;
			};
			name = Release;
		};
		9CF77FCC1BBB9035003C739F /* Debug */ = {
			isa = XCBuildConfiguration;
			buildSettings = {
				ASSETCATALOG_COMPILER_APPICON_NAME = AppIcon;
				COMBINE_HIDPI_IMAGES = YES;
				INFOPLIST_FILE = SwiftHello/Info.plist;
				LD_RUNPATH_SEARCH_PATHS = "$(inherited) @executable_path/../Frameworks";
				PRODUCT_BUNDLE_IDENTIFIER = com.vgmoose.SwiftHello;
				PRODUCT_NAME = "$(TARGET_NAME)";
			};
			name = Debug;
		};
		9CF77FCD1BBB9035003C739F /* Release */ = {
			isa = XCBuildConfiguration;
			buildSettings = {
				ASSETCATALOG_COMPILER_APPICON_NAME = AppIcon;
				COMBINE_HIDPI_IMAGES = YES;
				INFOPLIST_FILE = SwiftHello/Info.plist;
				LD_RUNPATH_SEARCH_PATHS = "$(inherited) @executable_path/../Frameworks";
				PRODUCT_BUNDLE_IDENTIFIER = com.vgmoose.SwiftHello;
				PRODUCT_NAME = "$(TARGET_NAME)";
			};
			name = Release;
		};
/* End XCBuildConfiguration section */

/* Begin XCConfigurationList section */
		9CF77FB51BBB9035003C739F /* Build configuration list for PBXProject "SwiftHello" */ = {
			isa = XCConfigurationList;
			buildConfigurations = (
				9CF77FC91BBB9035003C739F /* Debug */,
				9CF77FCA1BBB9035003C739F /* Release */,
			);
			defaultConfigurationIsVisible = 0;
			defaultConfigurationName = Release;
		};
		9CF77FCB1BBB9035003C739F /* Build configuration list for PBXNativeTarget "SwiftHello" */ = {
			isa = XCConfigurationList;
			buildConfigurations = (
				9CF77FCC1BBB9035003C739F /* Debug */,
				9CF77FCD1BBB9035003C739F /* Release */,
			);
			defaultConfigurationIsVisible = 0;
			defaultConfigurationName = Release;
		};
/* End XCConfigurationList section */
	};
	rootObject = 9CF77FB21BBB9035003C739F /* Project object */;
}
